// !$*UTF8*$!
{
	archiveVersion = 1;
	classes = {
	};
	objectVersion = 46;
	objects = {

/* Begin PBXBuildFile section */
		CA65A2401E2198B1006B4FDD /* LoginViewController.swift in Sources */ = {isa = PBXBuildFile; fileRef = CA65A23F1E2198B1006B4FDD /* LoginViewController.swift */; };
		CA65A2441E21BF6E006B4FDD /* OfferViewController.swift in Sources */ = {isa = PBXBuildFile; fileRef = CA65A2431E21BF6E006B4FDD /* OfferViewController.swift */; };
		CA65A2461E21F625006B4FDD /* DimmingPresentationController.swift in Sources */ = {isa = PBXBuildFile; fileRef = CA65A2451E21F625006B4FDD /* DimmingPresentationController.swift */; };
		CA65A2481E21F803006B4FDD /* BlackGradientView.swift in Sources */ = {isa = PBXBuildFile; fileRef = CA65A2471E21F803006B4FDD /* BlackGradientView.swift */; };
		CA65A24A1E21FBD5006B4FDD /* BounceAnimationController.swift in Sources */ = {isa = PBXBuildFile; fileRef = CA65A2491E21FBD5006B4FDD /* BounceAnimationController.swift */; };
		CA65A24C1E21FE28006B4FDD /* SlideOutAnimationController.swift in Sources */ = {isa = PBXBuildFile; fileRef = CA65A24B1E21FE28006B4FDD /* SlideOutAnimationController.swift */; };
		CA65A2501E27305E006B4FDD /* Offer.swift in Sources */ = {isa = PBXBuildFile; fileRef = CA65A24F1E27305E006B4FDD /* Offer.swift */; };
		CA65A2521E27FC9D006B4FDD /* GoogleService-Info.plist in Resources */ = {isa = PBXBuildFile; fileRef = CA65A2511E27FC9D006B4FDD /* GoogleService-Info.plist */; };
		CA662A631E1C619E00F6D455 /* AppDelegate.swift in Sources */ = {isa = PBXBuildFile; fileRef = CA662A621E1C619E00F6D455 /* AppDelegate.swift */; };
		CA662A681E1C619E00F6D455 /* Main.storyboard in Resources */ = {isa = PBXBuildFile; fileRef = CA662A661E1C619E00F6D455 /* Main.storyboard */; };
		CA662A6A1E1C619E00F6D455 /* Assets.xcassets in Resources */ = {isa = PBXBuildFile; fileRef = CA662A691E1C619E00F6D455 /* Assets.xcassets */; };
		CA662A6D1E1C619E00F6D455 /* LaunchScreen.storyboard in Resources */ = {isa = PBXBuildFile; fileRef = CA662A6B1E1C619E00F6D455 /* LaunchScreen.storyboard */; };
		CA662A751E1C637D00F6D455 /* InquiryViewController.swift in Sources */ = {isa = PBXBuildFile; fileRef = CA662A741E1C637D00F6D455 /* InquiryViewController.swift */; };
		CA662A791E1E0B7900F6D455 /* YahooClient.swift in Sources */ = {isa = PBXBuildFile; fileRef = CA662A781E1E0B7900F6D455 /* YahooClient.swift */; };
		CA662A7B1E1E0C3E00F6D455 /* Constants.swift in Sources */ = {isa = PBXBuildFile; fileRef = CA662A7A1E1E0C3E00F6D455 /* Constants.swift */; };
		F45F6BE8FF3EBF000B4272FF /* Pods_MonEx.framework in Frameworks */ = {isa = PBXBuildFile; fileRef = FE7332C53E62FEA54019F4FB /* Pods_MonEx.framework */; };
/* End PBXBuildFile section */

/* Begin PBXFileReference section */
		608F9F18F85F887C94EEED48 /* Pods-MonEx.debug.xcconfig */ = {isa = PBXFileReference; includeInIndex = 1; lastKnownFileType = text.xcconfig; name = "Pods-MonEx.debug.xcconfig"; path = "Pods/Target Support Files/Pods-MonEx/Pods-MonEx.debug.xcconfig"; sourceTree = "<group>"; };
		CA65A23F1E2198B1006B4FDD /* LoginViewController.swift */ = {isa = PBXFileReference; fileEncoding = 4; lastKnownFileType = sourcecode.swift; path = LoginViewController.swift; sourceTree = "<group>"; };
		CA65A2431E21BF6E006B4FDD /* OfferViewController.swift */ = {isa = PBXFileReference; fileEncoding = 4; lastKnownFileType = sourcecode.swift; path = OfferViewController.swift; sourceTree = "<group>"; };
		CA65A2451E21F625006B4FDD /* DimmingPresentationController.swift */ = {isa = PBXFileReference; fileEncoding = 4; lastKnownFileType = sourcecode.swift; path = DimmingPresentationController.swift; sourceTree = "<group>"; };
		CA65A2471E21F803006B4FDD /* BlackGradientView.swift */ = {isa = PBXFileReference; fileEncoding = 4; lastKnownFileType = sourcecode.swift; path = BlackGradientView.swift; sourceTree = "<group>"; };
		CA65A2491E21FBD5006B4FDD /* BounceAnimationController.swift */ = {isa = PBXFileReference; fileEncoding = 4; lastKnownFileType = sourcecode.swift; path = BounceAnimationController.swift; sourceTree = "<group>"; };
		CA65A24B1E21FE28006B4FDD /* SlideOutAnimationController.swift */ = {isa = PBXFileReference; fileEncoding = 4; lastKnownFileType = sourcecode.swift; path = SlideOutAnimationController.swift; sourceTree = "<group>"; };
		CA65A24F1E27305E006B4FDD /* Offer.swift */ = {isa = PBXFileReference; fileEncoding = 4; lastKnownFileType = sourcecode.swift; path = Offer.swift; sourceTree = "<group>"; };
		CA65A2511E27FC9D006B4FDD /* GoogleService-Info.plist */ = {isa = PBXFileReference; fileEncoding = 4; lastKnownFileType = text.plist.xml; name = "GoogleService-Info.plist"; path = "../../../../Downloads/GoogleService-Info.plist"; sourceTree = "<group>"; };
		CA662A5F1E1C619E00F6D455 /* MonEx.app */ = {isa = PBXFileReference; explicitFileType = wrapper.application; includeInIndex = 0; path = MonEx.app; sourceTree = BUILT_PRODUCTS_DIR; };
		CA662A621E1C619E00F6D455 /* AppDelegate.swift */ = {isa = PBXFileReference; lastKnownFileType = sourcecode.swift; path = AppDelegate.swift; sourceTree = "<group>"; };
		CA662A671E1C619E00F6D455 /* Base */ = {isa = PBXFileReference; lastKnownFileType = file.storyboard; name = Base; path = Base.lproj/Main.storyboard; sourceTree = "<group>"; };
		CA662A691E1C619E00F6D455 /* Assets.xcassets */ = {isa = PBXFileReference; lastKnownFileType = folder.assetcatalog; path = Assets.xcassets; sourceTree = "<group>"; };
		CA662A6C1E1C619E00F6D455 /* Base */ = {isa = PBXFileReference; lastKnownFileType = file.storyboard; name = Base; path = Base.lproj/LaunchScreen.storyboard; sourceTree = "<group>"; };
		CA662A6E1E1C619E00F6D455 /* Info.plist */ = {isa = PBXFileReference; lastKnownFileType = text.plist.xml; path = Info.plist; sourceTree = "<group>"; };
		CA662A741E1C637D00F6D455 /* InquiryViewController.swift */ = {isa = PBXFileReference; fileEncoding = 4; lastKnownFileType = sourcecode.swift; lineEnding = 0; path = InquiryViewController.swift; sourceTree = "<group>"; xcLanguageSpecificationIdentifier = xcode.lang.swift; };
		CA662A781E1E0B7900F6D455 /* YahooClient.swift */ = {isa = PBXFileReference; fileEncoding = 4; lastKnownFileType = sourcecode.swift; path = YahooClient.swift; sourceTree = "<group>"; };
		CA662A7A1E1E0C3E00F6D455 /* Constants.swift */ = {isa = PBXFileReference; fileEncoding = 4; lastKnownFileType = sourcecode.swift; path = Constants.swift; sourceTree = "<group>"; };
		CAD4FFB11E2A80ED006E0299 /* MonEx.entitlements */ = {isa = PBXFileReference; lastKnownFileType = text.plist.entitlements; path = MonEx.entitlements; sourceTree = "<group>"; };
		FC7EC09FEC4F33E4BF29584C /* Pods-MonEx.release.xcconfig */ = {isa = PBXFileReference; includeInIndex = 1; lastKnownFileType = text.xcconfig; name = "Pods-MonEx.release.xcconfig"; path = "Pods/Target Support Files/Pods-MonEx/Pods-MonEx.release.xcconfig"; sourceTree = "<group>"; };
		FE7332C53E62FEA54019F4FB /* Pods_MonEx.framework */ = {isa = PBXFileReference; explicitFileType = wrapper.framework; includeInIndex = 0; path = Pods_MonEx.framework; sourceTree = BUILT_PRODUCTS_DIR; };
/* End PBXFileReference section */

/* Begin PBXFrameworksBuildPhase section */
		CA662A5C1E1C619E00F6D455 /* Frameworks */ = {
			isa = PBXFrameworksBuildPhase;
			buildActionMask = 2147483647;
			files = (
				F45F6BE8FF3EBF000B4272FF /* Pods_MonEx.framework in Frameworks */,
			);
			runOnlyForDeploymentPostprocessing = 0;
		};
/* End PBXFrameworksBuildPhase section */

/* Begin PBXGroup section */
		9C041F1DE3AFB4DA6009A3EF /* Pods */ = {
			isa = PBXGroup;
			children = (
				608F9F18F85F887C94EEED48 /* Pods-MonEx.debug.xcconfig */,
				FC7EC09FEC4F33E4BF29584C /* Pods-MonEx.release.xcconfig */,
			);
			name = Pods;
			sourceTree = "<group>";
		};
		CA662A561E1C619E00F6D455 = {
			isa = PBXGroup;
			children = (
				CA662A611E1C619E00F6D455 /* MonEx */,
				CA662A601E1C619E00F6D455 /* Products */,
				9C041F1DE3AFB4DA6009A3EF /* Pods */,
				EE3E441A40E25C19BB6B90FA /* Frameworks */,
			);
			sourceTree = "<group>";
		};
		CA662A601E1C619E00F6D455 /* Products */ = {
			isa = PBXGroup;
			children = (
				CA662A5F1E1C619E00F6D455 /* MonEx.app */,
			);
			name = Products;
			sourceTree = "<group>";
		};
		CA662A611E1C619E00F6D455 /* MonEx */ = {
			isa = PBXGroup;
			children = (
				CA65A23F1E2198B1006B4FDD /* LoginViewController.swift */,
				CA662A741E1C637D00F6D455 /* InquiryViewController.swift */,
				CA65A2431E21BF6E006B4FDD /* OfferViewController.swift */,
				CA662A781E1E0B7900F6D455 /* YahooClient.swift */,
				CA662A661E1C619E00F6D455 /* Main.storyboard */,
				CA662A691E1C619E00F6D455 /* Assets.xcassets */,
				CA662A6B1E1C619E00F6D455 /* LaunchScreen.storyboard */,
				CAD4FFB11E2A80ED006E0299 /* MonEx.entitlements */,
				CA662A6E1E1C619E00F6D455 /* Info.plist */,
				CA65A2511E27FC9D006B4FDD /* GoogleService-Info.plist */,
				CA662A7A1E1E0C3E00F6D455 /* Constants.swift */,
				CA662A621E1C619E00F6D455 /* AppDelegate.swift */,
				CA65A2451E21F625006B4FDD /* DimmingPresentationController.swift */,
				CA65A2471E21F803006B4FDD /* BlackGradientView.swift */,
				CA65A2491E21FBD5006B4FDD /* BounceAnimationController.swift */,
				CA65A24B1E21FE28006B4FDD /* SlideOutAnimationController.swift */,
				CA65A24F1E27305E006B4FDD /* Offer.swift */,
			);
			path = MonEx;
			sourceTree = "<group>";
		};
		EE3E441A40E25C19BB6B90FA /* Frameworks */ = {
			isa = PBXGroup;
			children = (
				FE7332C53E62FEA54019F4FB /* Pods_MonEx.framework */,
			);
			name = Frameworks;
			sourceTree = "<group>";
		};
/* End PBXGroup section */

/* Begin PBXNativeTarget section */
		CA662A5E1E1C619E00F6D455 /* MonEx */ = {
			isa = PBXNativeTarget;
			buildConfigurationList = CA662A711E1C619E00F6D455 /* Build configuration list for PBXNativeTarget "MonEx" */;
			buildPhases = (
				E12B72CC2B4C4F039C269E0E /* [CP] Check Pods Manifest.lock */,
				CA662A5B1E1C619E00F6D455 /* Sources */,
				CA662A5C1E1C619E00F6D455 /* Frameworks */,
				CA662A5D1E1C619E00F6D455 /* Resources */,
				D6DE1DCA5BA70C19CF3F9ED0 /* [CP] Embed Pods Frameworks */,
				5B228CE109CD112B3EBFADE4 /* [CP] Copy Pods Resources */,
			);
			buildRules = (
			);
			dependencies = (
			);
			name = MonEx;
			productName = MonEx;
			productReference = CA662A5F1E1C619E00F6D455 /* MonEx.app */;
			productType = "com.apple.product-type.application";
		};
/* End PBXNativeTarget section */

/* Begin PBXProject section */
		CA662A571E1C619E00F6D455 /* Project object */ = {
			isa = PBXProject;
			attributes = {
				LastSwiftUpdateCheck = 0820;
				LastUpgradeCheck = 0820;
				ORGANIZATIONNAME = carlosdelamora;
				TargetAttributes = {
					CA662A5E1E1C619E00F6D455 = {
						CreatedOnToolsVersion = 8.2.1;
						DevelopmentTeam = 5PRK9NET39;
						ProvisioningStyle = Automatic;
						SystemCapabilities = {
							com.apple.Keychain = {
								enabled = 1;
							};
						};
					};
				};
			};
			buildConfigurationList = CA662A5A1E1C619E00F6D455 /* Build configuration list for PBXProject "MonEx" */;
			compatibilityVersion = "Xcode 3.2";
			developmentRegion = English;
			hasScannedForEncodings = 0;
			knownRegions = (
				en,
				Base,
			);
			mainGroup = CA662A561E1C619E00F6D455;
			productRefGroup = CA662A601E1C619E00F6D455 /* Products */;
			projectDirPath = "";
			projectRoot = "";
			targets = (
				CA662A5E1E1C619E00F6D455 /* MonEx */,
			);
		};
/* End PBXProject section */

/* Begin PBXResourcesBuildPhase section */
		CA662A5D1E1C619E00F6D455 /* Resources */ = {
			isa = PBXResourcesBuildPhase;
			buildActionMask = 2147483647;
			files = (
				CA662A6D1E1C619E00F6D455 /* LaunchScreen.storyboard in Resources */,
				CA65A2521E27FC9D006B4FDD /* GoogleService-Info.plist in Resources */,
				CA662A6A1E1C619E00F6D455 /* Assets.xcassets in Resources */,
				CA662A681E1C619E00F6D455 /* Main.storyboard in Resources */,
			);
			runOnlyForDeploymentPostprocessing = 0;
		};
/* End PBXResourcesBuildPhase section */

/* Begin PBXShellScriptBuildPhase section */
		5B228CE109CD112B3EBFADE4 /* [CP] Copy Pods Resources */ = {
			isa = PBXShellScriptBuildPhase;
			buildActionMask = 2147483647;
			files = (
			);
			inputPaths = (
			);
			name = "[CP] Copy Pods Resources";
			outputPaths = (
			);
			runOnlyForDeploymentPostprocessing = 0;
			shellPath = /bin/sh;
			shellScript = "\"${SRCROOT}/Pods/Target Support Files/Pods-MonEx/Pods-MonEx-resources.sh\"\n";
			showEnvVarsInLog = 0;
		};
		D6DE1DCA5BA70C19CF3F9ED0 /* [CP] Embed Pods Frameworks */ = {
			isa = PBXShellScriptBuildPhase;
			buildActionMask = 2147483647;
			files = (
			);
			inputPaths = (
			);
			name = "[CP] Embed Pods Frameworks";
			outputPaths = (
			);
			runOnlyForDeploymentPostprocessing = 0;
			shellPath = /bin/sh;
			shellScript = "\"${SRCROOT}/Pods/Target Support Files/Pods-MonEx/Pods-MonEx-frameworks.sh\"\n";
			showEnvVarsInLog = 0;
		};
		E12B72CC2B4C4F039C269E0E /* [CP] Check Pods Manifest.lock */ = {
			isa = PBXShellScriptBuildPhase;
			buildActionMask = 2147483647;
			files = (
			);
			inputPaths = (
			);
			name = "[CP] Check Pods Manifest.lock";
			outputPaths = (
			);
			runOnlyForDeploymentPostprocessing = 0;
			shellPath = /bin/sh;
			shellScript = "diff \"${PODS_ROOT}/../Podfile.lock\" \"${PODS_ROOT}/Manifest.lock\" > /dev/null\nif [ $? != 0 ] ; then\n    # print error to STDERR\n    echo \"error: The sandbox is not in sync with the Podfile.lock. Run 'pod install' or update your CocoaPods installation.\" >&2\n    exit 1\nfi\n";
			showEnvVarsInLog = 0;
		};
/* End PBXShellScriptBuildPhase section */

/* Begin PBXSourcesBuildPhase section */
		CA662A5B1E1C619E00F6D455 /* Sources */ = {
			isa = PBXSourcesBuildPhase;
			buildActionMask = 2147483647;
			files = (
				CA65A2481E21F803006B4FDD /* BlackGradientView.swift in Sources */,
				CA65A2401E2198B1006B4FDD /* LoginViewController.swift in Sources */,
				CA65A2461E21F625006B4FDD /* DimmingPresentationController.swift in Sources */,
				CA65A2441E21BF6E006B4FDD /* OfferViewController.swift in Sources */,
				CA65A24A1E21FBD5006B4FDD /* BounceAnimationController.swift in Sources */,
				CA662A7B1E1E0C3E00F6D455 /* Constants.swift in Sources */,
				CA662A751E1C637D00F6D455 /* InquiryViewController.swift in Sources */,
				CA65A2501E27305E006B4FDD /* Offer.swift in Sources */,
				CA662A631E1C619E00F6D455 /* AppDelegate.swift in Sources */,
				CA662A791E1E0B7900F6D455 /* YahooClient.swift in Sources */,
				CA65A24C1E21FE28006B4FDD /* SlideOutAnimationController.swift in Sources */,
			);
			runOnlyForDeploymentPostprocessing = 0;
		};
/* End PBXSourcesBuildPhase section */

/* Begin PBXVariantGroup section */
		CA662A661E1C619E00F6D455 /* Main.storyboard */ = {
			isa = PBXVariantGroup;
			children = (
				CA662A671E1C619E00F6D455 /* Base */,
			);
			name = Main.storyboard;
			sourceTree = "<group>";
		};
		CA662A6B1E1C619E00F6D455 /* LaunchScreen.storyboard */ = {
			isa = PBXVariantGroup;
			children = (
				CA662A6C1E1C619E00F6D455 /* Base */,
			);
			name = LaunchScreen.storyboard;
			sourceTree = "<group>";
		};
/* End PBXVariantGroup section */

/* Begin XCBuildConfiguration section */
		CA662A6F1E1C619E00F6D455 /* Debug */ = {
			isa = XCBuildConfiguration;
			buildSettings = {
				ALWAYS_SEARCH_USER_PATHS = NO;
				CLANG_ANALYZER_NONNULL = YES;
				CLANG_CXX_LANGUAGE_STANDARD = "gnu++0x";
				CLANG_CXX_LIBRARY = "libc++";
				CLANG_ENABLE_MODULES = YES;
				CLANG_ENABLE_OBJC_ARC = YES;
				CLANG_WARN_BOOL_CONVERSION = YES;
				CLANG_WARN_CONSTANT_CONVERSION = YES;
				CLANG_WARN_DIRECT_OBJC_ISA_USAGE = YES_ERROR;
				CLANG_WARN_DOCUMENTATION_COMMENTS = YES;
				CLANG_WARN_EMPTY_BODY = YES;
				CLANG_WARN_ENUM_CONVERSION = YES;
				CLANG_WARN_INFINITE_RECURSION = YES;
				CLANG_WARN_INT_CONVERSION = YES;
				CLANG_WARN_OBJC_ROOT_CLASS = YES_ERROR;
				CLANG_WARN_SUSPICIOUS_MOVE = YES;
				CLANG_WARN_UNREACHABLE_CODE = YES;
				CLANG_WARN__DUPLICATE_METHOD_MATCH = YES;
				"CODE_SIGN_IDENTITY[sdk=iphoneos*]" = "iPhone Developer";
				COPY_PHASE_STRIP = NO;
				DEBUG_INFORMATION_FORMAT = dwarf;
				ENABLE_STRICT_OBJC_MSGSEND = YES;
				ENABLE_TESTABILITY = YES;
				GCC_C_LANGUAGE_STANDARD = gnu99;
				GCC_DYNAMIC_NO_PIC = NO;
				GCC_NO_COMMON_BLOCKS = YES;
				GCC_OPTIMIZATION_LEVEL = 0;
				GCC_PREPROCESSOR_DEFINITIONS = (
					"DEBUG=1",
					"$(inherited)",
				);
				GCC_WARN_64_TO_32_BIT_CONVERSION = YES;
				GCC_WARN_ABOUT_RETURN_TYPE = YES_ERROR;
				GCC_WARN_UNDECLARED_SELECTOR = YES;
				GCC_WARN_UNINITIALIZED_AUTOS = YES_AGGRESSIVE;
				GCC_WARN_UNUSED_FUNCTION = YES;
				GCC_WARN_UNUSED_VARIABLE = YES;
				IPHONEOS_DEPLOYMENT_TARGET = 10.2;
				MTL_ENABLE_DEBUG_INFO = YES;
				ONLY_ACTIVE_ARCH = YES;
				SDKROOT = iphoneos;
				SWIFT_ACTIVE_COMPILATION_CONDITIONS = DEBUG;
				SWIFT_OPTIMIZATION_LEVEL = "-Onone";
			};
			name = Debug;
		};
		CA662A701E1C619E00F6D455 /* Release */ = {
			isa = XCBuildConfiguration;
			buildSettings = {
				ALWAYS_SEARCH_USER_PATHS = NO;
				CLANG_ANALYZER_NONNULL = YES;
				CLANG_CXX_LANGUAGE_STANDARD = "gnu++0x";
				CLANG_CXX_LIBRARY = "libc++";
				CLANG_ENABLE_MODULES = YES;
				CLANG_ENABLE_OBJC_ARC = YES;
				CLANG_WARN_BOOL_CONVERSION = YES;
				CLANG_WARN_CONSTANT_CONVERSION = YES;
				CLANG_WARN_DIRECT_OBJC_ISA_USAGE = YES_ERROR;
				CLANG_WARN_DOCUMENTATION_COMMENTS = YES;
				CLANG_WARN_EMPTY_BODY = YES;
				CLANG_WARN_ENUM_CONVERSION = YES;
				CLANG_WARN_INFINITE_RECURSION = YES;
				CLANG_WARN_INT_CONVERSION = YES;
				CLANG_WARN_OBJC_ROOT_CLASS = YES_ERROR;
				CLANG_WARN_SUSPICIOUS_MOVE = YES;
				CLANG_WARN_UNREACHABLE_CODE = YES;
				CLANG_WARN__DUPLICATE_METHOD_MATCH = YES;
				"CODE_SIGN_IDENTITY[sdk=iphoneos*]" = "iPhone Developer";
				COPY_PHASE_STRIP = NO;
				DEBUG_INFORMATION_FORMAT = "dwarf-with-dsym";
				ENABLE_NS_ASSERTIONS = NO;
				ENABLE_STRICT_OBJC_MSGSEND = YES;
				GCC_C_LANGUAGE_STANDARD = gnu99;
				GCC_NO_COMMON_BLOCKS = YES;
				GCC_WARN_64_TO_32_BIT_CONVERSION = YES;
				GCC_WARN_ABOUT_RETURN_TYPE = YES_ERROR;
				GCC_WARN_UNDECLARED_SELECTOR = YES;
				GCC_WARN_UNINITIALIZED_AUTOS = YES_AGGRESSIVE;
				GCC_WARN_UNUSED_FUNCTION = YES;
				GCC_WARN_UNUSED_VARIABLE = YES;
				IPHONEOS_DEPLOYMENT_TARGET = 10.2;
				MTL_ENABLE_DEBUG_INFO = NO;
				SDKROOT = iphoneos;
				SWIFT_OPTIMIZATION_LEVEL = "-Owholemodule";
				VALIDATE_PRODUCT = YES;
			};
			name = Release;
		};
		CA662A721E1C619E00F6D455 /* Debug */ = {
			isa = XCBuildConfiguration;
			baseConfigurationReference = 608F9F18F85F887C94EEED48 /* Pods-MonEx.debug.xcconfig */;
			buildSettings = {
				ASSETCATALOG_COMPILER_APPICON_NAME = AppIcon;
				CODE_SIGN_ENTITLEMENTS = MonEx/MonEx.entitlements;
				DEVELOPMENT_TEAM = 5PRK9NET39;
				INFOPLIST_FILE = MonEx/Info.plist;
				LD_RUNPATH_SEARCH_PATHS = "$(inherited) @executable_path/Frameworks";
				PRODUCT_BUNDLE_IDENTIFIER = com.carlosDelaMora.MonEx;
				PRODUCT_NAME = "$(TARGET_NAME)";
				SWIFT_VERSION = 3.0;
			};
			name = Debug;
		};
		CA662A731E1C619E00F6D455 /* Release */ = {
			isa = XCBuildConfiguration;
			baseConfigurationReference = FC7EC09FEC4F33E4BF29584C /* Pods-MonEx.release.xcconfig */;
			buildSettings = {
				ASSETCATALOG_COMPILER_APPICON_NAME = AppIcon;
				CODE_SIGN_ENTITLEMENTS = MonEx/MonEx.entitlements;
				DEVELOPMENT_TEAM = 5PRK9NET39;
				INFOPLIST_FILE = MonEx/Info.plist;
				LD_RUNPATH_SEARCH_PATHS = "$(inherited) @executable_path/Frameworks";
				PRODUCT_BUNDLE_IDENTIFIER = com.carlosDelaMora.MonEx;
				PRODUCT_NAME = "$(TARGET_NAME)";
				SWIFT_VERSION = 3.0;
			};
			name = Release;
		};
/* End XCBuildConfiguration section */

/* Begin XCConfigurationList section */
		CA662A5A1E1C619E00F6D455 /* Build configuration list for PBXProject "MonEx" */ = {
			isa = XCConfigurationList;
			buildConfigurations = (
				CA662A6F1E1C619E00F6D455 /* Debug */,
				CA662A701E1C619E00F6D455 /* Release */,
			);
			defaultConfigurationIsVisible = 0;
			defaultConfigurationName = Release;
		};
		CA662A711E1C619E00F6D455 /* Build configuration list for PBXNativeTarget "MonEx" */ = {
			isa = XCConfigurationList;
			buildConfigurations = (
				CA662A721E1C619E00F6D455 /* Debug */,
				CA662A731E1C619E00F6D455 /* Release */,
			);
			defaultConfigurationIsVisible = 0;
			defaultConfigurationName = Release;
		};
/* End XCConfigurationList section */
	};
	rootObject = CA662A571E1C619E00F6D455 /* Project object */;
}
